DEPENDENCIES
  percona
    path: ../chef-percona
  percona-multi
    path: .
    metadata: true

GRAPH
  apt (2.7.0)
  build-essential (2.2.1)
  chef-sugar (3.0.1)
  chef-vault (1.2.5)
  mariadb (0.3.0)
    apt (>= 0.0.0)
    yum (>= 0.0.0)
    yum-epel (>= 0.0.0)
  mysql (6.0.19)
    smf (>= 0.0.0)
    yum-mysql-community (>= 0.0.0)
  mysql2_chef_gem (1.0.1)
    build-essential (>= 0.0.0)
    mariadb (>= 0.0.0)
    mysql (>= 0.0.0)
  openssl (4.0.0)
    chef-sugar (>= 0.0.0)
  percona (0.16.0)
    apt (>= 1.9.0)
    build-essential (>= 0.0.0)
    chef-vault (>= 0.0.0)
    openssl (>= 0.0.0)
    yum (~> 3.0)
    yum-epel (>= 0.0.0)
  percona-multi (1.0.0)
    apt (>= 0.0.0)
    build-essential (>= 0.0.0)
    mysql2_chef_gem (>= 0.0.0)
    percona (>= 0.0.0)
    yum (>= 0.0.0)
  rbac (1.0.2)
  smf (2.2.6)
    rbac (>= 1.0.1)
  yum (3.5.3)
  yum-epel (0.6.0)
    yum (~> 3.0)
  yum-mysql-community (0.1.16)
    yum (>= 3.0)
